
Microsoft Visual Studio Solution File, Format Version 12.00
# Visual Studio Version 17
VisualStudioVersion = 17.0.31903.59
MinimumVisualStudioVersion = 10.0.40219.1
Project("{FAE04EC0-301F-11D3-BF4B-00C04F79EFBC}") = "BOL", "BOL\BOL.csproj", "{11753978-83D5-4369-8D70-8A7D7083DD47}"
EndProject
Project("{FAE04EC0-301F-11D3-BF4B-00C04F79EFBC}") = "BLL", "BLL\BLL.csproj", "{A4DF663E-6998-49A3-B45D-EAD171F512EE}"
EndProject
Project("{FAE04EC0-301F-11D3-BF4B-00C04F79EFBC}") = "DAL", "DAL\DAL.csproj", "{43D4D413-5EA4-4EE6-A464-F99956092F93}"
EndProject
Global
	GlobalSection(SolutionConfigurationPlatforms) = preSolution
		Debug|Any CPU = Debug|Any CPU
		Release|Any CPU = Release|Any CPU
	EndGlobalSection
	GlobalSection(SolutionProperties) = preSolution
		HideSolutionNode = FALSE
	EndGlobalSection
	GlobalSection(ProjectConfigurationPlatforms) = postSolution
		{11753978-83D5-4369-8D70-8A7D7083DD47}.Debug|Any CPU.ActiveCfg = Debug|Any CPU
		{11753978-83D5-4369-8D70-8A7D7083DD47}.Debug|Any CPU.Build.0 = Debug|Any CPU
		{11753978-83D5-4369-8D70-8A7D7083DD47}.Release|Any CPU.ActiveCfg = Release|Any CPU
		{11753978-83D5-4369-8D70-8A7D7083DD47}.Release|Any CPU.Build.0 = Release|Any CPU
		{A4DF663E-6998-49A3-B45D-EAD171F512EE}.Debug|Any CPU.ActiveCfg = Debug|Any CPU
		{A4DF663E-6998-49A3-B45D-EAD171F512EE}.Debug|Any CPU.Build.0 = Debug|Any CPU
		{A4DF663E-6998-49A3-B45D-EAD171F512EE}.Release|Any CPU.ActiveCfg = Release|Any CPU
		{A4DF663E-6998-49A3-B45D-EAD171F512EE}.Release|Any CPU.Build.0 = Release|Any CPU
		{43D4D413-5EA4-4EE6-A464-F99956092F93}.Debug|Any CPU.ActiveCfg = Debug|Any CPU
		{43D4D413-5EA4-4EE6-A464-F99956092F93}.Debug|Any CPU.Build.0 = Debug|Any CPU
		{43D4D413-5EA4-4EE6-A464-F99956092F93}.Release|Any CPU.ActiveCfg = Release|Any CPU
		{43D4D413-5EA4-4EE6-A464-F99956092F93}.Release|Any CPU.Build.0 = Release|Any CPU
	EndGlobalSection
EndGlobal
