
Microsoft Visual Studio Solution File, Format Version 12.00
# Visual Studio Version 17
VisualStudioVersion = 17.0.31903.59
MinimumVisualStudioVersion = 10.0.40219.1
Project("{FAE04EC0-301F-11D3-BF4B-00C04F79EFBC}") = "Banking", "Banking\Banking.csproj", "{BB381F51-F8E9-4DD4-A17F-AF2E8A33CC21}"
EndProject
Project("{FAE04EC0-301F-11D3-BF4B-00C04F79EFBC}") = "HDFCApp", "HDFCApp\HDFCApp.csproj", "{E95790E1-0B2D-4A0F-8A82-4587963AE0BC}"
EndProject
Global
	GlobalSection(SolutionConfigurationPlatforms) = preSolution
		Debug|Any CPU = Debug|Any CPU
		Release|Any CPU = Release|Any CPU
	EndGlobalSection
	GlobalSection(SolutionProperties) = preSolution
		HideSolutionNode = FALSE
	EndGlobalSection
	GlobalSection(ProjectConfigurationPlatforms) = postSolution
		{BB381F51-F8E9-4DD4-A17F-AF2E8A33CC21}.Debug|Any CPU.ActiveCfg = Debug|Any CPU
		{BB381F51-F8E9-4DD4-A17F-AF2E8A33CC21}.Debug|Any CPU.Build.0 = Debug|Any CPU
		{BB381F51-F8E9-4DD4-A17F-AF2E8A33CC21}.Release|Any CPU.ActiveCfg = Release|Any CPU
		{BB381F51-F8E9-4DD4-A17F-AF2E8A33CC21}.Release|Any CPU.Build.0 = Release|Any CPU
		{E95790E1-0B2D-4A0F-8A82-4587963AE0BC}.Debug|Any CPU.ActiveCfg = Debug|Any CPU
		{E95790E1-0B2D-4A0F-8A82-4587963AE0BC}.Debug|Any CPU.Build.0 = Debug|Any CPU
		{E95790E1-0B2D-4A0F-8A82-4587963AE0BC}.Release|Any CPU.ActiveCfg = Release|Any CPU
		{E95790E1-0B2D-4A0F-8A82-4587963AE0BC}.Release|Any CPU.Build.0 = Release|Any CPU
	EndGlobalSection
EndGlobal
